# This is a Gradle generated file for dependency locking.
# Manual edits can break the build and are not advised.
# This file is expected to be part of source control.
# To regenerate this file, run: ./gradlew :adapters:persistence-jdbc:dependencies --write-locks
org.springframework.boot:spring-boot-dependencies:4.1.1=compileClasspath
empty=annotationProcessor
